
Microsoft Visual Studio Solution File, Format Version 12.00
# Visual Studio Version 17
VisualStudioVersion = 17.2.32630.192
MinimumVisualStudioVersion = 10.0.40219.1
Project("{9A19103F-16F7-4668-BE54-9A1E7A4F7556}") = "SpcdeInfoService", "SpcdeInfoService\SpcdeInfoService.csproj", "{357E95E9-7CA9-491E-B80B-A6CAAA2EE72F}"
EndProject
Project("{FAE04EC0-301F-11D3-BF4B-00C04F79EFBC}") = "SpcdeInfoServiceTest", "SpcdeInfoServiceTest\SpcdeInfoServiceTest.csproj", "{0B27BB5F-EDFE-4941-BAD4-4F1B0ABEDB07}"
	ProjectSection(ProjectDependencies) = postProject
		{357E95E9-7CA9-491E-B80B-A6CAAA2EE72F} = {357E95E9-7CA9-491E-B80B-A6CAAA2EE72F}
	EndProjectSection
EndProject
Global
	GlobalSection(SolutionConfigurationPlatforms) = preSolution
		Debug|Any CPU = Debug|Any CPU
		Release|Any CPU = Release|Any CPU
	EndGlobalSection
	GlobalSection(ProjectConfigurationPlatforms) = postSolution
		{357E95E9-7CA9-491E-B80B-A6CAAA2EE72F}.Debug|Any CPU.ActiveCfg = Debug|Any CPU
		{357E95E9-7CA9-491E-B80B-A6CAAA2EE72F}.Debug|Any CPU.Build.0 = Debug|Any CPU
		{357E95E9-7CA9-491E-B80B-A6CAAA2EE72F}.Release|Any CPU.ActiveCfg = Release|Any CPU
		{357E95E9-7CA9-491E-B80B-A6CAAA2EE72F}.Release|Any CPU.Build.0 = Release|Any CPU
		{0B27BB5F-EDFE-4941-BAD4-4F1B0ABEDB07}.Debug|Any CPU.ActiveCfg = Debug|Any CPU
		{0B27BB5F-EDFE-4941-BAD4-4F1B0ABEDB07}.Debug|Any CPU.Build.0 = Debug|Any CPU
		{0B27BB5F-EDFE-4941-BAD4-4F1B0ABEDB07}.Release|Any CPU.ActiveCfg = Release|Any CPU
		{0B27BB5F-EDFE-4941-BAD4-4F1B0ABEDB07}.Release|Any CPU.Build.0 = Release|Any CPU
	EndGlobalSection
	GlobalSection(SolutionProperties) = preSolution
		HideSolutionNode = FALSE
	EndGlobalSection
	GlobalSection(ExtensibilityGlobals) = postSolution
		SolutionGuid = {51CD724C-F42A-4AC2-BC5F-C803615F9AD2}
	EndGlobalSection
EndGlobal
